<?xml version="1.0" encoding="utf-8"?>
<Project ToolsVersion="4.0" xmlns="http://schemas.microsoft.com/developer/msbuild/2003">
  <ItemGroup>
    <ClCompile Include="base.cpp">
      <Filter>src</Filter>
    </ClCompile>
    <ClCompile Include="coin.cpp">
      <Filter>src</Filter>
    </ClCompile>
    <ClCompile Include="Enemy.cpp">
      <Filter>src</Filter>
    </ClCompile>
    <ClCompile Include="obstacle.cpp">
      <Filter>src</Filter>
    </ClCompile>
    <ClCompile Include="Player.cpp">
      <Filter>src</Filter>
    </ClCompile>
    <ClCompile Include="spikes.cpp">
      <Filter>src</Filter>
    </ClCompile>
    <ClCompile Include="wall.cpp">
      <Filter>src</Filter>
    </ClCompile>
    <ClCompile Include="main.cpp">
      <Filter>src</Filter>
    </ClCompile>
    <ClCompile Include="ofApp.cpp">
      <Filter>src</Filter>
    </ClCompile>
    <ClCompile Include="ofGame.cpp" />
  </ItemGroup>
  <ItemGroup>
    <Filter Include="src">
      <UniqueIdentifier>{d8376475-7454-4a24-b08a-aac121d3ad6f}</UniqueIdentifier>
    </Filter>
  </ItemGroup>
  <ItemGroup>
    <ClInclude Include="base.h">
      <Filter>src</Filter>
    </ClInclude>
    <ClInclude Include="coin.h">
      <Filter>src</Filter>
    </ClInclude>
    <ClInclude Include="Enemy.h">
      <Filter>src</Filter>
    </ClInclude>
    <ClInclude Include="obstacle.h">
      <Filter>src</Filter>
    </ClInclude>
    <ClInclude Include="Player.h">
      <Filter>src</Filter>
    </ClInclude>
    <ClInclude Include="spikes.h">
      <Filter>src</Filter>
    </ClInclude>
    <ClInclude Include="wall.h">
      <Filter>src</Filter>
    </ClInclude>
    <ClInclude Include="ofApp.h">
      <Filter>src</Filter>
    </ClInclude>
    <ClInclude Include="ofGame.h" />
    <ClInclude Include="GameConfig.h">
      <Filter>src</Filter>
    </ClInclude>
  </ItemGroup>
  <ItemGroup>
    <ResourceCompile Include="icon.rc" />
  </ItemGroup>
</Project>